// !$*UTF8*$!
{
	archiveVersion = 1;
	classes = {
	};
	objectVersion = 46;
	objects = {

/* Begin PBXBuildFile section */
		D30B2E311A2A5DC1007D5DCE /* AppDelegate.swift in Sources */ = {isa = PBXBuildFile; fileRef = D30B2E301A2A5DC1007D5DCE /* AppDelegate.swift */; };
		D30B2E331A2A5DC1007D5DCE /* ViewController.swift in Sources */ = {isa = PBXBuildFile; fileRef = D30B2E321A2A5DC1007D5DCE /* ViewController.swift */; };
		D30B2E361A2A5DC1007D5DCE /* Main.storyboard in Resources */ = {isa = PBXBuildFile; fileRef = D30B2E341A2A5DC1007D5DCE /* Main.storyboard */; };
		D30B2E381A2A5DC1007D5DCE /* Images.xcassets in Resources */ = {isa = PBXBuildFile; fileRef = D30B2E371A2A5DC1007D5DCE /* Images.xcassets */; };
		D30B2E3B1A2A5DC1007D5DCE /* LaunchScreen.xib in Resources */ = {isa = PBXBuildFile; fileRef = D30B2E391A2A5DC1007D5DCE /* LaunchScreen.xib */; };
		D30B2E471A2A5DC1007D5DCE /* ToDoListTests.swift in Sources */ = {isa = PBXBuildFile; fileRef = D30B2E461A2A5DC1007D5DCE /* ToDoListTests.swift */; };
/* End PBXBuildFile section */

/* Begin PBXContainerItemProxy section */
		D30B2E411A2A5DC1007D5DCE /* PBXContainerItemProxy */ = {
			isa = PBXContainerItemProxy;
			containerPortal = D30B2E231A2A5DC1007D5DCE /* Project object */;
			proxyType = 1;
			remoteGlobalIDString = D30B2E2A1A2A5DC1007D5DCE;
			remoteInfo = ToDoList;
		};
/* End PBXContainerItemProxy section */

/* Begin PBXFileReference section */
		D30B2E2B1A2A5DC1007D5DCE /* ToDoList.app */ = {isa = PBXFileReference; explicitFileType = wrapper.application; includeInIndex = 0; path = ToDoList.app; sourceTree = BUILT_PRODUCTS_DIR; };
		D30B2E2F1A2A5DC1007D5DCE /* Info.plist */ = {isa = PBXFileReference; lastKnownFileType = text.plist.xml; path = Info.plist; sourceTree = "<group>"; };
		D30B2E301A2A5DC1007D5DCE /* AppDelegate.swift */ = {isa = PBXFileReference; lastKnownFileType = sourcecode.swift; path = AppDelegate.swift; sourceTree = "<group>"; };
		D30B2E321A2A5DC1007D5DCE /* ViewController.swift */ = {isa = PBXFileReference; lastKnownFileType = sourcecode.swift; path = ViewController.swift; sourceTree = "<group>"; };
		D30B2E351A2A5DC1007D5DCE /* Base */ = {isa = PBXFileReference; lastKnownFileType = file.storyboard; name = Base; path = Base.lproj/Main.storyboard; sourceTree = "<group>"; };
		D30B2E371A2A5DC1007D5DCE /* Images.xcassets */ = {isa = PBXFileReference; lastKnownFileType = folder.assetcatalog; path = Images.xcassets; sourceTree = "<group>"; };
		D30B2E3A1A2A5DC1007D5DCE /* Base */ = {isa = PBXFileReference; lastKnownFileType = file.xib; name = Base; path = Base.lproj/LaunchScreen.xib; sourceTree = "<group>"; };
		D30B2E401A2A5DC1007D5DCE /* ToDoListTests.xctest */ = {isa = PBXFileReference; explicitFileType = wrapper.cfbundle; includeInIndex = 0; path = ToDoListTests.xctest; sourceTree = BUILT_PRODUCTS_DIR; };
		D30B2E451A2A5DC1007D5DCE /* Info.plist */ = {isa = PBXFileReference; lastKnownFileType = text.plist.xml; path = Info.plist; sourceTree = "<group>"; };
		D30B2E461A2A5DC1007D5DCE /* ToDoListTests.swift */ = {isa = PBXFileReference; lastKnownFileType = sourcecode.swift; path = ToDoListTests.swift; sourceTree = "<group>"; };
/* End PBXFileReference section */

/* Begin PBXFrameworksBuildPhase section */
		D30B2E281A2A5DC1007D5DCE /* Frameworks */ = {
			isa = PBXFrameworksBuildPhase;
			buildActionMask = 2147483647;
			files = (
			);
			runOnlyForDeploymentPostprocessing = 0;
		};
		D30B2E3D1A2A5DC1007D5DCE /* Frameworks */ = {
			isa = PBXFrameworksBuildPhase;
			buildActionMask = 2147483647;
			files = (
			);
			runOnlyForDeploymentPostprocessing = 0;
		};
/* End PBXFrameworksBuildPhase section */

/* Begin PBXGroup section */
		D30B2E221A2A5DC1007D5DCE = {
			isa = PBXGroup;
			children = (
				D30B2E2D1A2A5DC1007D5DCE /* ToDoList */,
				D30B2E431A2A5DC1007D5DCE /* ToDoListTests */,
				D30B2E2C1A2A5DC1007D5DCE /* Products */,
			);
			sourceTree = "<group>";
		};
		D30B2E2C1A2A5DC1007D5DCE /* Products */ = {
			isa = PBXGroup;
			children = (
				D30B2E2B1A2A5DC1007D5DCE /* ToDoList.app */,
				D30B2E401A2A5DC1007D5DCE /* ToDoListTests.xctest */,
			);
			name = Products;
			sourceTree = "<group>";
		};
		D30B2E2D1A2A5DC1007D5DCE /* ToDoList */ = {
			isa = PBXGroup;
			children = (
				D30B2E301A2A5DC1007D5DCE /* AppDelegate.swift */,
				D30B2E321A2A5DC1007D5DCE /* ViewController.swift */,
				D30B2E341A2A5DC1007D5DCE /* Main.storyboard */,
				D30B2E371A2A5DC1007D5DCE /* Images.xcassets */,
				D30B2E391A2A5DC1007D5DCE /* LaunchScreen.xib */,
				D30B2E2E1A2A5DC1007D5DCE /* Supporting Files */,
			);
			path = ToDoList;
			sourceTree = "<group>";
		};
		D30B2E2E1A2A5DC1007D5DCE /* Supporting Files */ = {
			isa = PBXGroup;
			children = (
				D30B2E2F1A2A5DC1007D5DCE /* Info.plist */,
			);
			name = "Supporting Files";
			sourceTree = "<group>";
		};
		D30B2E431A2A5DC1007D5DCE /* ToDoListTests */ = {
			isa = PBXGroup;
			children = (
				D30B2E461A2A5DC1007D5DCE /* ToDoListTests.swift */,
				D30B2E441A2A5DC1007D5DCE /* Supporting Files */,
			);
			path = ToDoListTests;
			sourceTree = "<group>";
		};
		D30B2E441A2A5DC1007D5DCE /* Supporting Files */ = {
			isa = PBXGroup;
			children = (
				D30B2E451A2A5DC1007D5DCE /* Info.plist */,
			);
			name = "Supporting Files";
			sourceTree = "<group>";
		};
/* End PBXGroup section */

/* Begin PBXNativeTarget section */
		D30B2E2A1A2A5DC1007D5DCE /* ToDoList */ = {
			isa = PBXNativeTarget;
			buildConfigurationList = D30B2E4A1A2A5DC1007D5DCE /* Build configuration list for PBXNativeTarget "ToDoList" */;
			buildPhases = (
				D30B2E271A2A5DC1007D5DCE /* Sources */,
				D30B2E281A2A5DC1007D5DCE /* Frameworks */,
				D30B2E291A2A5DC1007D5DCE /* Resources */,
			);
			buildRules = (
			);
			dependencies = (
			);
			name = ToDoList;
			productName = ToDoList;
			productReference = D30B2E2B1A2A5DC1007D5DCE /* ToDoList.app */;
			productType = "com.apple.product-type.application";
		};
		D30B2E3F1A2A5DC1007D5DCE /* ToDoListTests */ = {
			isa = PBXNativeTarget;
			buildConfigurationList = D30B2E4D1A2A5DC1007D5DCE /* Build configuration list for PBXNativeTarget "ToDoListTests" */;
			buildPhases = (
				D30B2E3C1A2A5DC1007D5DCE /* Sources */,
				D30B2E3D1A2A5DC1007D5DCE /* Frameworks */,
				D30B2E3E1A2A5DC1007D5DCE /* Resources */,
			);
			buildRules = (
			);
			dependencies = (
				D30B2E421A2A5DC1007D5DCE /* PBXTargetDependency */,
			);
			name = ToDoListTests;
			productName = ToDoListTests;
			productReference = D30B2E401A2A5DC1007D5DCE /* ToDoListTests.xctest */;
			productType = "com.apple.product-type.bundle.unit-test";
		};
/* End PBXNativeTarget section */

/* Begin PBXProject section */
		D30B2E231A2A5DC1007D5DCE /* Project object */ = {
			isa = PBXProject;
			attributes = {
				LastUpgradeCheck = 0610;
				ORGANIZATIONNAME = "Nima Sepehr";
				TargetAttributes = {
					D30B2E2A1A2A5DC1007D5DCE = {
						CreatedOnToolsVersion = 6.1;
					};
					D30B2E3F1A2A5DC1007D5DCE = {
						CreatedOnToolsVersion = 6.1;
						TestTargetID = D30B2E2A1A2A5DC1007D5DCE;
					};
				};
			};
			buildConfigurationList = D30B2E261A2A5DC1007D5DCE /* Build configuration list for PBXProject "ToDoList" */;
			compatibilityVersion = "Xcode 3.2";
			developmentRegion = English;
			hasScannedForEncodings = 0;
			knownRegions = (
				en,
				Base,
			);
			mainGroup = D30B2E221A2A5DC1007D5DCE;
			productRefGroup = D30B2E2C1A2A5DC1007D5DCE /* Products */;
			projectDirPath = "";
			projectRoot = "";
			targets = (
				D30B2E2A1A2A5DC1007D5DCE /* ToDoList */,
				D30B2E3F1A2A5DC1007D5DCE /* ToDoListTests */,
			);
		};
/* End PBXProject section */

/* Begin PBXResourcesBuildPhase section */
		D30B2E291A2A5DC1007D5DCE /* Resources */ = {
			isa = PBXResourcesBuildPhase;
			buildActionMask = 2147483647;
			files = (
				D30B2E361A2A5DC1007D5DCE /* Main.storyboard in Resources */,
				D30B2E3B1A2A5DC1007D5DCE /* LaunchScreen.xib in Resources */,
				D30B2E381A2A5DC1007D5DCE /* Images.xcassets in Resources */,
			);
			runOnlyForDeploymentPostprocessing = 0;
		};
		D30B2E3E1A2A5DC1007D5DCE /* Resources */ = {
			isa = PBXResourcesBuildPhase;
			buildActionMask = 2147483647;
			files = (
			);
			runOnlyForDeploymentPostprocessing = 0;
		};
/* End PBXResourcesBuildPhase section */

/* Begin PBXSourcesBuildPhase section */
		D30B2E271A2A5DC1007D5DCE /* Sources */ = {
			isa = PBXSourcesBuildPhase;
			buildActionMask = 2147483647;
			files = (
				D30B2E331A2A5DC1007D5DCE /* ViewController.swift in Sources */,
				D30B2E311A2A5DC1007D5DCE /* AppDelegate.swift in Sources */,
			);
			runOnlyForDeploymentPostprocessing = 0;
		};
		D30B2E3C1A2A5DC1007D5DCE /* Sources */ = {
			isa = PBXSourcesBuildPhase;
			buildActionMask = 2147483647;
			files = (
				D30B2E471A2A5DC1007D5DCE /* ToDoListTests.swift in Sources */,
			);
			runOnlyForDeploymentPostprocessing = 0;
		};
/* End PBXSourcesBuildPhase section */

/* Begin PBXTargetDependency section */
		D30B2E421A2A5DC1007D5DCE /* PBXTargetDependency */ = {
			isa = PBXTargetDependency;
			target = D30B2E2A1A2A5DC1007D5DCE /* ToDoList */;
			targetProxy = D30B2E411A2A5DC1007D5DCE /* PBXContainerItemProxy */;
		};
/* End PBXTargetDependency section */

/* Begin PBXVariantGroup section */
		D30B2E341A2A5DC1007D5DCE /* Main.storyboard */ = {
			isa = PBXVariantGroup;
			children = (
				D30B2E351A2A5DC1007D5DCE /* Base */,
			);
			name = Main.storyboard;
			sourceTree = "<group>";
		};
		D30B2E391A2A5DC1007D5DCE /* LaunchScreen.xib */ = {
			isa = PBXVariantGroup;
			children = (
				D30B2E3A1A2A5DC1007D5DCE /* Base */,
			);
			name = LaunchScreen.xib;
			sourceTree = "<group>";
		};
/* End PBXVariantGroup section */

/* Begin XCBuildConfiguration section */
		D30B2E481A2A5DC1007D5DCE /* Debug */ = {
			isa = XCBuildConfiguration;
			buildSettings = {
				ALWAYS_SEARCH_USER_PATHS = NO;
				CLANG_CXX_LANGUAGE_STANDARD = "gnu++0x";
				CLANG_CXX_LIBRARY = "libc++";
				CLANG_ENABLE_MODULES = YES;
				CLANG_ENABLE_OBJC_ARC = YES;
				CLANG_WARN_BOOL_CONVERSION = YES;
				CLANG_WARN_CONSTANT_CONVERSION = YES;
				CLANG_WARN_DIRECT_OBJC_ISA_USAGE = YES_ERROR;
				CLANG_WARN_EMPTY_BODY = YES;
				CLANG_WARN_ENUM_CONVERSION = YES;
				CLANG_WARN_INT_CONVERSION = YES;
				CLANG_WARN_OBJC_ROOT_CLASS = YES_ERROR;
				CLANG_WARN_UNREACHABLE_CODE = YES;
				CLANG_WARN__DUPLICATE_METHOD_MATCH = YES;
				"CODE_SIGN_IDENTITY[sdk=iphoneos*]" = "iPhone Developer";
				COPY_PHASE_STRIP = NO;
				ENABLE_STRICT_OBJC_MSGSEND = YES;
				GCC_C_LANGUAGE_STANDARD = gnu99;
				GCC_DYNAMIC_NO_PIC = NO;
				GCC_OPTIMIZATION_LEVEL = 0;
				GCC_PREPROCESSOR_DEFINITIONS = (
					"DEBUG=1",
					"$(inherited)",
				);
				GCC_SYMBOLS_PRIVATE_EXTERN = NO;
				GCC_WARN_64_TO_32_BIT_CONVERSION = YES;
				GCC_WARN_ABOUT_RETURN_TYPE = YES_ERROR;
				GCC_WARN_UNDECLARED_SELECTOR = YES;
				GCC_WARN_UNINITIALIZED_AUTOS = YES_AGGRESSIVE;
				GCC_WARN_UNUSED_FUNCTION = YES;
				GCC_WARN_UNUSED_VARIABLE = YES;
				IPHONEOS_DEPLOYMENT_TARGET = 8.1;
				MTL_ENABLE_DEBUG_INFO = YES;
				ONLY_ACTIVE_ARCH = YES;
				SDKROOT = iphoneos;
				SWIFT_OPTIMIZATION_LEVEL = "-Onone";
			};
			name = Debug;
		};
		D30B2E491A2A5DC1007D5DCE /* Release */ = {
			isa = XCBuildConfiguration;
			buildSettings = {
				ALWAYS_SEARCH_USER_PATHS = NO;
				CLANG_CXX_LANGUAGE_STANDARD = "gnu++0x";
				CLANG_CXX_LIBRARY = "libc++";
				CLANG_ENABLE_MODULES = YES;
				CLANG_ENABLE_OBJC_ARC = YES;
				CLANG_WARN_BOOL_CONVERSION = YES;
				CLANG_WARN_CONSTANT_CONVERSION = YES;
				CLANG_WARN_DIRECT_OBJC_ISA_USAGE = YES_ERROR;
				CLANG_WARN_EMPTY_BODY = YES;
				CLANG_WARN_ENUM_CONVERSION = YES;
				CLANG_WARN_INT_CONVERSION = YES;
				CLANG_WARN_OBJC_ROOT_CLASS = YES_ERROR;
				CLANG_WARN_UNREACHABLE_CODE = YES;
				CLANG_WARN__DUPLICATE_METHOD_MATCH = YES;
				"CODE_SIGN_IDENTITY[sdk=iphoneos*]" = "iPhone Developer";
				COPY_PHASE_STRIP = YES;
				ENABLE_NS_ASSERTIONS = NO;
				ENABLE_STRICT_OBJC_MSGSEND = YES;
				GCC_C_LANGUAGE_STANDARD = gnu99;
				GCC_WARN_64_TO_32_BIT_CONVERSION = YES;
				GCC_WARN_ABOUT_RETURN_TYPE = YES_ERROR;
				GCC_WARN_UNDECLARED_SELECTOR = YES;
				GCC_WARN_UNINITIALIZED_AUTOS = YES_AGGRESSIVE;
				GCC_WARN_UNUSED_FUNCTION = YES;
				GCC_WARN_UNUSED_VARIABLE = YES;
				IPHONEOS_DEPLOYMENT_TARGET = 8.1;
				MTL_ENABLE_DEBUG_INFO = NO;
				SDKROOT = iphoneos;
				VALIDATE_PRODUCT = YES;
			};
			name = Release;
		};
		D30B2E4B1A2A5DC1007D5DCE /* Debug */ = {
			isa = XCBuildConfiguration;
			buildSettings = {
				ASSETCATALOG_COMPILER_APPICON_NAME = AppIcon;
				INFOPLIST_FILE = ToDoList/Info.plist;
				LD_RUNPATH_SEARCH_PATHS = "$(inherited) @executable_path/Frameworks";
				PRODUCT_NAME = "$(TARGET_NAME)";
			};
			name = Debug;
		};
		D30B2E4C1A2A5DC1007D5DCE /* Release */ = {
			isa = XCBuildConfiguration;
			buildSettings = {
				ASSETCATALOG_COMPILER_APPICON_NAME = AppIcon;
				INFOPLIST_FILE = ToDoList/Info.plist;
				LD_RUNPATH_SEARCH_PATHS = "$(inherited) @executable_path/Frameworks";
				PRODUCT_NAME = "$(TARGET_NAME)";
			};
			name = Release;
		};
		D30B2E4E1A2A5DC1007D5DCE /* Debug */ = {
			isa = XCBuildConfiguration;
			buildSettings = {
				BUNDLE_LOADER = "$(TEST_HOST)";
				FRAMEWORK_SEARCH_PATHS = (
					"$(SDKROOT)/Developer/Library/Frameworks",
					"$(inherited)",
				);
				GCC_PREPROCESSOR_DEFINITIONS = (
					"DEBUG=1",
					"$(inherited)",
				);
				INFOPLIST_FILE = ToDoListTests/Info.plist;
				LD_RUNPATH_SEARCH_PATHS = "$(inherited) @executable_path/Frameworks @loader_path/Frameworks";
				PRODUCT_NAME = "$(TARGET_NAME)";
				TEST_HOST = "$(BUILT_PRODUCTS_DIR)/ToDoList.app/ToDoList";
			};
			name = Debug;
		};
		D30B2E4F1A2A5DC1007D5DCE /* Release */ = {
			isa = XCBuildConfiguration;
			buildSettings = {
				BUNDLE_LOADER = "$(TEST_HOST)";
				FRAMEWORK_SEARCH_PATHS = (
					"$(SDKROOT)/Developer/Library/Frameworks",
					"$(inherited)",
				);
				INFOPLIST_FILE = ToDoListTests/Info.plist;
				LD_RUNPATH_SEARCH_PATHS = "$(inherited) @executable_path/Frameworks @loader_path/Frameworks";
				PRODUCT_NAME = "$(TARGET_NAME)";
				TEST_HOST = "$(BUILT_PRODUCTS_DIR)/ToDoList.app/ToDoList";
			};
			name = Release;
		};
/* End XCBuildConfiguration section */

/* Begin XCConfigurationList section */
		D30B2E261A2A5DC1007D5DCE /* Build configuration list for PBXProject "ToDoList" */ = {
			isa = XCConfigurationList;
			buildConfigurations = (
				D30B2E481A2A5DC1007D5DCE /* Debug */,
				D30B2E491A2A5DC1007D5DCE /* Release */,
			);
			defaultConfigurationIsVisible = 0;
			defaultConfigurationName = Release;
		};
		D30B2E4A1A2A5DC1007D5DCE /* Build configuration list for PBXNativeTarget "ToDoList" */ = {
			isa = XCConfigurationList;
			buildConfigurations = (
				D30B2E4B1A2A5DC1007D5DCE /* Debug */,
				D30B2E4C1A2A5DC1007D5DCE /* Release */,
			);
			defaultConfigurationIsVisible = 0;
		};
		D30B2E4D1A2A5DC1007D5DCE /* Build configuration list for PBXNativeTarget "ToDoListTests" */ = {
			isa = XCConfigurationList;
			buildConfigurations = (
				D30B2E4E1A2A5DC1007D5DCE /* Debug */,
				D30B2E4F1A2A5DC1007D5DCE /* Release */,
			);
			defaultConfigurationIsVisible = 0;
		};
/* End XCConfigurationList section */
	};
	rootObject = D30B2E231A2A5DC1007D5DCE /* Project object */;
}
